
Microsoft Visual Studio Solution File, Format Version 12.00
# Visual Studio 14
VisualStudioVersion = 14.0.25123.0
MinimumVisualStudioVersion = 10.0.40219.1
Project("{FAE04EC0-301F-11D3-BF4B-00C04F79EFBC}") = "server", "ConsoleApplication2\server.csproj", "{1E24F3AF-88BF-40B9-8C7F-2CFD83C311C6}"
EndProject
Project("{FAE04EC0-301F-11D3-BF4B-00C04F79EFBC}") = "Client", "Client\Client.csproj", "{5ABD057E-7D14-48DF-8BB7-AACB728E2920}"
EndProject
Project("{FAE04EC0-301F-11D3-BF4B-00C04F79EFBC}") = "Sticky-Backend", "..\..\..\..\..\TrelloButBetter\Sticky-Backend\Sticky-Backend.csproj", "{CB5E3509-E175-47CD-ACE8-C629ECC1954B}"
EndProject
Global
	GlobalSection(SolutionConfigurationPlatforms) = preSolution
		Debug|Any CPU = Debug|Any CPU
		Debug|x86 = Debug|x86
		Release|Any CPU = Release|Any CPU
		Release|x86 = Release|x86
	EndGlobalSection
	GlobalSection(ProjectConfigurationPlatforms) = postSolution
		{1E24F3AF-88BF-40B9-8C7F-2CFD83C311C6}.Debug|Any CPU.ActiveCfg = Debug|x86
		{1E24F3AF-88BF-40B9-8C7F-2CFD83C311C6}.Debug|x86.ActiveCfg = Debug|x86
		{1E24F3AF-88BF-40B9-8C7F-2CFD83C311C6}.Debug|x86.Build.0 = Debug|x86
		{1E24F3AF-88BF-40B9-8C7F-2CFD83C311C6}.Release|Any CPU.ActiveCfg = Release|x86
		{1E24F3AF-88BF-40B9-8C7F-2CFD83C311C6}.Release|x86.ActiveCfg = Release|x86
		{1E24F3AF-88BF-40B9-8C7F-2CFD83C311C6}.Release|x86.Build.0 = Release|x86
		{5ABD057E-7D14-48DF-8BB7-AACB728E2920}.Debug|Any CPU.ActiveCfg = Debug|x86
		{5ABD057E-7D14-48DF-8BB7-AACB728E2920}.Debug|x86.ActiveCfg = Debug|x86
		{5ABD057E-7D14-48DF-8BB7-AACB728E2920}.Debug|x86.Build.0 = Debug|x86
		{5ABD057E-7D14-48DF-8BB7-AACB728E2920}.Release|Any CPU.ActiveCfg = Release|x86
		{5ABD057E-7D14-48DF-8BB7-AACB728E2920}.Release|x86.ActiveCfg = Release|x86
		{5ABD057E-7D14-48DF-8BB7-AACB728E2920}.Release|x86.Build.0 = Release|x86
		{CB5E3509-E175-47CD-ACE8-C629ECC1954B}.Debug|Any CPU.ActiveCfg = Debug|Any CPU
		{CB5E3509-E175-47CD-ACE8-C629ECC1954B}.Debug|Any CPU.Build.0 = Debug|Any CPU
		{CB5E3509-E175-47CD-ACE8-C629ECC1954B}.Debug|x86.ActiveCfg = Debug|x86
		{CB5E3509-E175-47CD-ACE8-C629ECC1954B}.Debug|x86.Build.0 = Debug|x86
		{CB5E3509-E175-47CD-ACE8-C629ECC1954B}.Release|Any CPU.ActiveCfg = Release|Any CPU
		{CB5E3509-E175-47CD-ACE8-C629ECC1954B}.Release|Any CPU.Build.0 = Release|Any CPU
		{CB5E3509-E175-47CD-ACE8-C629ECC1954B}.Release|x86.ActiveCfg = Release|x86
		{CB5E3509-E175-47CD-ACE8-C629ECC1954B}.Release|x86.Build.0 = Release|x86
	EndGlobalSection
	GlobalSection(SolutionProperties) = preSolution
		HideSolutionNode = FALSE
	EndGlobalSection
EndGlobal
